
Microsoft Visual Studio Solution File, Format Version 12.00
# Visual Studio Version 16
VisualStudioVersion = 16.0.30114.105
MinimumVisualStudioVersion = 10.0.40219.1
Project("{2150E333-8FDC-42A3-9474-1A3956D46DE8}") = "Services", "Services", "{A6007EE9-6B38-418A-B14C-695DE928DFC6}"
EndProject
Project("{2150E333-8FDC-42A3-9474-1A3956D46DE8}") = "Catalog", "Catalog", "{3ED5343F-5666-4C6D-BCA1-4BFAB5E45A7E}"
EndProject
Project("{9A19103F-16F7-4668-BE54-9A1E7A4F7556}") = "ECommerce.Services.Catalog", "Services\Catalog\ECommerce.Services.Catalog\ECommerce.Services.Catalog.csproj", "{C0937695-7BCC-47F7-B1AD-B7CBEE07D6C4}"
EndProject
Project("{2150E333-8FDC-42A3-9474-1A3956D46DE8}") = "Solution Items", "Solution Items", "{441E07AB-8ABE-4098-81E9-C13F9DA3519B}"
	ProjectSection(SolutionItems) = preProject
		Ports.txt = Ports.txt
	EndProjectSection
EndProject
Project("{2150E333-8FDC-42A3-9474-1A3956D46DE8}") = "Shared", "Shared", "{ECA221B2-E04D-4449-B951-EAEE124275CE}"
EndProject
Project("{9A19103F-16F7-4668-BE54-9A1E7A4F7556}") = "ECommerce.Shared", "Shared\ECommerce.Shared\ECommerce.Shared.csproj", "{F1512834-4B3E-444A-B1DC-7CD2DE2284F6}"
EndProject
Project("{2150E333-8FDC-42A3-9474-1A3956D46DE8}") = "IdentityServer", "IdentityServer", "{C85802F4-53AA-4497-B887-FA76780C5AD8}"
EndProject
Project("{9A19103F-16F7-4668-BE54-9A1E7A4F7556}") = "ECommerce.IdentityServer", "IdentityServer\ECommerce.IdentityServer\ECommerce.IdentityServer.csproj", "{3530B289-F4B8-4BD4-B3B7-5E679570B72E}"
EndProject
Project("{2150E333-8FDC-42A3-9474-1A3956D46DE8}") = "PhotoStock", "PhotoStock", "{8B4D6884-1991-408C-943B-63316B5C3229}"
EndProject
Project("{9A19103F-16F7-4668-BE54-9A1E7A4F7556}") = "ECommerce.Services.PhotoStock", "Services\PhotoStock\ECommerce.Services.PhotoStock\ECommerce.Services.PhotoStock.csproj", "{9BFC3874-E74E-429C-9D02-ACB393B61EC7}"
EndProject
Project("{2150E333-8FDC-42A3-9474-1A3956D46DE8}") = "Basket", "Basket", "{6093C780-7379-4D6A-B389-B3C702DD6FA0}"
EndProject
Project("{9A19103F-16F7-4668-BE54-9A1E7A4F7556}") = "ECommerce.Services.Basket", "Services\Basket\ECommerce.Services.Basket\ECommerce.Services.Basket.csproj", "{056F451F-2028-4CF8-A7EC-653ACF8AECBB}"
EndProject
Project("{2150E333-8FDC-42A3-9474-1A3956D46DE8}") = "Discount", "Discount", "{1E744DDA-29F1-46A1-8DDE-F99F1F06759F}"
EndProject
Project("{FAE04EC0-301F-11D3-BF4B-00C04F79EFBC}") = "ECommerce.Services.Discount", "Services\Discount\ECommerce.Services.Discount\ECommerce.Services.Discount.csproj", "{79E6A7D9-775C-4D45-9C84-447F16AC9FFF}"
EndProject
Global
	GlobalSection(SolutionConfigurationPlatforms) = preSolution
		Debug|Any CPU = Debug|Any CPU
		Debug|x64 = Debug|x64
		Debug|x86 = Debug|x86
		Release|Any CPU = Release|Any CPU
		Release|x64 = Release|x64
		Release|x86 = Release|x86
	EndGlobalSection
	GlobalSection(ProjectConfigurationPlatforms) = postSolution
		{C0937695-7BCC-47F7-B1AD-B7CBEE07D6C4}.Debug|Any CPU.ActiveCfg = Debug|Any CPU
		{C0937695-7BCC-47F7-B1AD-B7CBEE07D6C4}.Debug|Any CPU.Build.0 = Debug|Any CPU
		{C0937695-7BCC-47F7-B1AD-B7CBEE07D6C4}.Debug|x64.ActiveCfg = Debug|Any CPU
		{C0937695-7BCC-47F7-B1AD-B7CBEE07D6C4}.Debug|x64.Build.0 = Debug|Any CPU
		{C0937695-7BCC-47F7-B1AD-B7CBEE07D6C4}.Debug|x86.ActiveCfg = Debug|Any CPU
		{C0937695-7BCC-47F7-B1AD-B7CBEE07D6C4}.Debug|x86.Build.0 = Debug|Any CPU
		{C0937695-7BCC-47F7-B1AD-B7CBEE07D6C4}.Release|Any CPU.ActiveCfg = Release|Any CPU
		{C0937695-7BCC-47F7-B1AD-B7CBEE07D6C4}.Release|Any CPU.Build.0 = Release|Any CPU
		{C0937695-7BCC-47F7-B1AD-B7CBEE07D6C4}.Release|x64.ActiveCfg = Release|Any CPU
		{C0937695-7BCC-47F7-B1AD-B7CBEE07D6C4}.Release|x64.Build.0 = Release|Any CPU
		{C0937695-7BCC-47F7-B1AD-B7CBEE07D6C4}.Release|x86.ActiveCfg = Release|Any CPU
		{C0937695-7BCC-47F7-B1AD-B7CBEE07D6C4}.Release|x86.Build.0 = Release|Any CPU
		{F1512834-4B3E-444A-B1DC-7CD2DE2284F6}.Debug|Any CPU.ActiveCfg = Debug|Any CPU
		{F1512834-4B3E-444A-B1DC-7CD2DE2284F6}.Debug|Any CPU.Build.0 = Debug|Any CPU
		{F1512834-4B3E-444A-B1DC-7CD2DE2284F6}.Debug|x64.ActiveCfg = Debug|Any CPU
		{F1512834-4B3E-444A-B1DC-7CD2DE2284F6}.Debug|x64.Build.0 = Debug|Any CPU
		{F1512834-4B3E-444A-B1DC-7CD2DE2284F6}.Debug|x86.ActiveCfg = Debug|Any CPU
		{F1512834-4B3E-444A-B1DC-7CD2DE2284F6}.Debug|x86.Build.0 = Debug|Any CPU
		{F1512834-4B3E-444A-B1DC-7CD2DE2284F6}.Release|Any CPU.ActiveCfg = Release|Any CPU
		{F1512834-4B3E-444A-B1DC-7CD2DE2284F6}.Release|Any CPU.Build.0 = Release|Any CPU
		{F1512834-4B3E-444A-B1DC-7CD2DE2284F6}.Release|x64.ActiveCfg = Release|Any CPU
		{F1512834-4B3E-444A-B1DC-7CD2DE2284F6}.Release|x64.Build.0 = Release|Any CPU
		{F1512834-4B3E-444A-B1DC-7CD2DE2284F6}.Release|x86.ActiveCfg = Release|Any CPU
		{F1512834-4B3E-444A-B1DC-7CD2DE2284F6}.Release|x86.Build.0 = Release|Any CPU
		{3530B289-F4B8-4BD4-B3B7-5E679570B72E}.Debug|Any CPU.ActiveCfg = Debug|Any CPU
		{3530B289-F4B8-4BD4-B3B7-5E679570B72E}.Debug|Any CPU.Build.0 = Debug|Any CPU
		{3530B289-F4B8-4BD4-B3B7-5E679570B72E}.Debug|x64.ActiveCfg = Debug|Any CPU
		{3530B289-F4B8-4BD4-B3B7-5E679570B72E}.Debug|x64.Build.0 = Debug|Any CPU
		{3530B289-F4B8-4BD4-B3B7-5E679570B72E}.Debug|x86.ActiveCfg = Debug|Any CPU
		{3530B289-F4B8-4BD4-B3B7-5E679570B72E}.Debug|x86.Build.0 = Debug|Any CPU
		{3530B289-F4B8-4BD4-B3B7-5E679570B72E}.Release|Any CPU.ActiveCfg = Release|Any CPU
		{3530B289-F4B8-4BD4-B3B7-5E679570B72E}.Release|Any CPU.Build.0 = Release|Any CPU
		{3530B289-F4B8-4BD4-B3B7-5E679570B72E}.Release|x64.ActiveCfg = Release|Any CPU
		{3530B289-F4B8-4BD4-B3B7-5E679570B72E}.Release|x64.Build.0 = Release|Any CPU
		{3530B289-F4B8-4BD4-B3B7-5E679570B72E}.Release|x86.ActiveCfg = Release|Any CPU
		{3530B289-F4B8-4BD4-B3B7-5E679570B72E}.Release|x86.Build.0 = Release|Any CPU
		{9BFC3874-E74E-429C-9D02-ACB393B61EC7}.Debug|Any CPU.ActiveCfg = Debug|Any CPU
		{9BFC3874-E74E-429C-9D02-ACB393B61EC7}.Debug|Any CPU.Build.0 = Debug|Any CPU
		{9BFC3874-E74E-429C-9D02-ACB393B61EC7}.Debug|x64.ActiveCfg = Debug|Any CPU
		{9BFC3874-E74E-429C-9D02-ACB393B61EC7}.Debug|x64.Build.0 = Debug|Any CPU
		{9BFC3874-E74E-429C-9D02-ACB393B61EC7}.Debug|x86.ActiveCfg = Debug|Any CPU
		{9BFC3874-E74E-429C-9D02-ACB393B61EC7}.Debug|x86.Build.0 = Debug|Any CPU
		{9BFC3874-E74E-429C-9D02-ACB393B61EC7}.Release|Any CPU.ActiveCfg = Release|Any CPU
		{9BFC3874-E74E-429C-9D02-ACB393B61EC7}.Release|Any CPU.Build.0 = Release|Any CPU
		{9BFC3874-E74E-429C-9D02-ACB393B61EC7}.Release|x64.ActiveCfg = Release|Any CPU
		{9BFC3874-E74E-429C-9D02-ACB393B61EC7}.Release|x64.Build.0 = Release|Any CPU
		{9BFC3874-E74E-429C-9D02-ACB393B61EC7}.Release|x86.ActiveCfg = Release|Any CPU
		{9BFC3874-E74E-429C-9D02-ACB393B61EC7}.Release|x86.Build.0 = Release|Any CPU
		{056F451F-2028-4CF8-A7EC-653ACF8AECBB}.Debug|Any CPU.ActiveCfg = Debug|Any CPU
		{056F451F-2028-4CF8-A7EC-653ACF8AECBB}.Debug|Any CPU.Build.0 = Debug|Any CPU
		{056F451F-2028-4CF8-A7EC-653ACF8AECBB}.Debug|x64.ActiveCfg = Debug|Any CPU
		{056F451F-2028-4CF8-A7EC-653ACF8AECBB}.Debug|x64.Build.0 = Debug|Any CPU
		{056F451F-2028-4CF8-A7EC-653ACF8AECBB}.Debug|x86.ActiveCfg = Debug|Any CPU
		{056F451F-2028-4CF8-A7EC-653ACF8AECBB}.Debug|x86.Build.0 = Debug|Any CPU
		{056F451F-2028-4CF8-A7EC-653ACF8AECBB}.Release|Any CPU.ActiveCfg = Release|Any CPU
		{056F451F-2028-4CF8-A7EC-653ACF8AECBB}.Release|Any CPU.Build.0 = Release|Any CPU
		{056F451F-2028-4CF8-A7EC-653ACF8AECBB}.Release|x64.ActiveCfg = Release|Any CPU
		{056F451F-2028-4CF8-A7EC-653ACF8AECBB}.Release|x64.Build.0 = Release|Any CPU
		{056F451F-2028-4CF8-A7EC-653ACF8AECBB}.Release|x86.ActiveCfg = Release|Any CPU
		{056F451F-2028-4CF8-A7EC-653ACF8AECBB}.Release|x86.Build.0 = Release|Any CPU
		{79E6A7D9-775C-4D45-9C84-447F16AC9FFF}.Debug|Any CPU.ActiveCfg = Debug|Any CPU
		{79E6A7D9-775C-4D45-9C84-447F16AC9FFF}.Debug|Any CPU.Build.0 = Debug|Any CPU
		{79E6A7D9-775C-4D45-9C84-447F16AC9FFF}.Debug|x64.ActiveCfg = Debug|Any CPU
		{79E6A7D9-775C-4D45-9C84-447F16AC9FFF}.Debug|x64.Build.0 = Debug|Any CPU
		{79E6A7D9-775C-4D45-9C84-447F16AC9FFF}.Debug|x86.ActiveCfg = Debug|Any CPU
		{79E6A7D9-775C-4D45-9C84-447F16AC9FFF}.Debug|x86.Build.0 = Debug|Any CPU
		{79E6A7D9-775C-4D45-9C84-447F16AC9FFF}.Release|Any CPU.ActiveCfg = Release|Any CPU
		{79E6A7D9-775C-4D45-9C84-447F16AC9FFF}.Release|Any CPU.Build.0 = Release|Any CPU
		{79E6A7D9-775C-4D45-9C84-447F16AC9FFF}.Release|x64.ActiveCfg = Release|Any CPU
		{79E6A7D9-775C-4D45-9C84-447F16AC9FFF}.Release|x64.Build.0 = Release|Any CPU
		{79E6A7D9-775C-4D45-9C84-447F16AC9FFF}.Release|x86.ActiveCfg = Release|Any CPU
		{79E6A7D9-775C-4D45-9C84-447F16AC9FFF}.Release|x86.Build.0 = Release|Any CPU
	EndGlobalSection
	GlobalSection(SolutionProperties) = preSolution
		HideSolutionNode = FALSE
	EndGlobalSection
	GlobalSection(NestedProjects) = preSolution
		{3ED5343F-5666-4C6D-BCA1-4BFAB5E45A7E} = {A6007EE9-6B38-418A-B14C-695DE928DFC6}
		{C0937695-7BCC-47F7-B1AD-B7CBEE07D6C4} = {3ED5343F-5666-4C6D-BCA1-4BFAB5E45A7E}
		{F1512834-4B3E-444A-B1DC-7CD2DE2284F6} = {ECA221B2-E04D-4449-B951-EAEE124275CE}
		{3530B289-F4B8-4BD4-B3B7-5E679570B72E} = {C85802F4-53AA-4497-B887-FA76780C5AD8}
		{8B4D6884-1991-408C-943B-63316B5C3229} = {A6007EE9-6B38-418A-B14C-695DE928DFC6}
		{9BFC3874-E74E-429C-9D02-ACB393B61EC7} = {8B4D6884-1991-408C-943B-63316B5C3229}
		{6093C780-7379-4D6A-B389-B3C702DD6FA0} = {A6007EE9-6B38-418A-B14C-695DE928DFC6}
		{056F451F-2028-4CF8-A7EC-653ACF8AECBB} = {6093C780-7379-4D6A-B389-B3C702DD6FA0}
		{1E744DDA-29F1-46A1-8DDE-F99F1F06759F} = {A6007EE9-6B38-418A-B14C-695DE928DFC6}
		{79E6A7D9-775C-4D45-9C84-447F16AC9FFF} = {1E744DDA-29F1-46A1-8DDE-F99F1F06759F}
	EndGlobalSection
	GlobalSection(ExtensibilityGlobals) = postSolution
		SolutionGuid = {4D6D0ED9-F4F2-4203-8014-220C80CAE485}
	EndGlobalSection
EndGlobal
